
Microsoft Visual Studio Solution File, Format Version 12.00
# Visual Studio Version 17
VisualStudioVersion = 17.0.31903.59
MinimumVisualStudioVersion = 10.0.40219.1
Project("{FAE04EC0-301F-11D3-BF4B-00C04F79EFBC}") = "FoodEtu.Server", "FoodEtu.Server\FoodEtu.Server.csproj", "{71438ADC-CB86-49E1-97FD-0A66645C71DF}"
EndProject
Global
	GlobalSection(SolutionConfigurationPlatforms) = preSolution
		Debug|Any CPU = Debug|Any CPU
		Release|Any CPU = Release|Any CPU
	EndGlobalSection
	GlobalSection(ProjectConfigurationPlatforms) = postSolution
		{71438ADC-CB86-49E1-97FD-0A66645C71DF}.Debug|Any CPU.ActiveCfg = Debug|Any CPU
		{71438ADC-CB86-49E1-97FD-0A66645C71DF}.Debug|Any CPU.Build.0 = Debug|Any CPU
		{71438ADC-CB86-49E1-97FD-0A66645C71DF}.Release|Any CPU.ActiveCfg = Release|Any CPU
		{71438ADC-CB86-49E1-97FD-0A66645C71DF}.Release|Any CPU.Build.0 = Release|Any CPU
	EndGlobalSection
	GlobalSection(SolutionProperties) = preSolution
		HideSolutionNode = FALSE
	EndGlobalSection
	GlobalSection(ExtensibilityGlobals) = postSolution
		SolutionGuid = {4A290D97-56A4-4D96-8084-4A058A8ECEC4}
	EndGlobalSection
EndGlobal
